
Microsoft Visual Studio Solution File, Format Version 12.00
# Visual Studio Version 17
VisualStudioVersion = 17.3.32901.215
MinimumVisualStudioVersion = 10.0.40219.1
Project("{FAE04EC0-301F-11D3-BF4B-00C04F79EFBC}") = "VowelAndConsonantLetters", "VowelAndConsonantLetters\VowelAndConsonantLetters.csproj", "{67DE3E73-9EC7-49E4-A384-14AE38C2CB54}"
EndProject
Global
	GlobalSection(SolutionConfigurationPlatforms) = preSolution
		Debug|Any CPU = Debug|Any CPU
		Release|Any CPU = Release|Any CPU
	EndGlobalSection
	GlobalSection(ProjectConfigurationPlatforms) = postSolution
		{67DE3E73-9EC7-49E4-A384-14AE38C2CB54}.Debug|Any CPU.ActiveCfg = Debug|Any CPU
		{67DE3E73-9EC7-49E4-A384-14AE38C2CB54}.Debug|Any CPU.Build.0 = Debug|Any CPU
		{67DE3E73-9EC7-49E4-A384-14AE38C2CB54}.Release|Any CPU.ActiveCfg = Release|Any CPU
		{67DE3E73-9EC7-49E4-A384-14AE38C2CB54}.Release|Any CPU.Build.0 = Release|Any CPU
	EndGlobalSection
	GlobalSection(SolutionProperties) = preSolution
		HideSolutionNode = FALSE
	EndGlobalSection
	GlobalSection(ExtensibilityGlobals) = postSolution
		SolutionGuid = {BBE0F292-94C8-4CA9-ACC0-07B7F92D1E06}
	EndGlobalSection
EndGlobal
